Microsoft Visual Studio Solution File, Format Version 11.00
# Visual Studio 2008

Project("{E5D10A01-18F0-AA38-174D-FEA2DE6C5626}") = "NM3216", "Assembly-CSharp.csproj", "{A1E73C2E-D723-2D4A-3A11-D9FDB6975863}"
EndProject
Global
	GlobalSection(SolutionConfigurationPlatforms) = preSolution
		Debug|Any CPU = Debug|Any CPU
		Release|Any CPU = Release|Any CPU
	EndGlobalSection
	GlobalSection(ProjectConfigurationPlatforms) = postSolution
		{A1E73C2E-D723-2D4A-3A11-D9FDB6975863}.Debug|Any CPU.ActiveCfg = Debug|Any CPU
		{A1E73C2E-D723-2D4A-3A11-D9FDB6975863}.Debug|Any CPU.Build.0 = Debug|Any CPU
		{A1E73C2E-D723-2D4A-3A11-D9FDB6975863}.Release|Any CPU.ActiveCfg = Release|Any CPU
		{A1E73C2E-D723-2D4A-3A11-D9FDB6975863}.Release|Any CPU.Build.0 = Release|Any CPU
	EndGlobalSection
	GlobalSection(SolutionProperties) = preSolution
		HideSolutionNode = FALSE
	EndGlobalSection
	GlobalSection(MonoDevelopProperties) = preSolution
		StartupItem = Assembly-CSharp.csproj
	EndGlobalSection
EndGlobal
